
Microsoft Visual Studio Solution File, Format Version 12.00
# Visual Studio 15
VisualStudioVersion = 15.0.27004.2002
MinimumVisualStudioVersion = 10.0.40219.1
Project("{A0786B88-2ADB-4C21-ABE8-AA2D79766269}") = "Thaskara", "Thaskara\Thaskara.phpproj", "{8791CB0E-0C42-4995-B030-FE036ADDC419}"
EndProject
Global
	GlobalSection(SolutionConfigurationPlatforms) = preSolution
		Debug|Any CPU = Debug|Any CPU
		Release|Any CPU = Release|Any CPU
	EndGlobalSection
	GlobalSection(ProjectConfigurationPlatforms) = postSolution
		{8791CB0E-0C42-4995-B030-FE036ADDC419}.Debug|Any CPU.ActiveCfg = Debug|Any CPU
		{8791CB0E-0C42-4995-B030-FE036ADDC419}.Release|Any CPU.ActiveCfg = Release|Any CPU
	EndGlobalSection
	GlobalSection(SolutionProperties) = preSolution
		HideSolutionNode = FALSE
	EndGlobalSection
	GlobalSection(ExtensibilityGlobals) = postSolution
		SolutionGuid = {7A825225-BD30-4E76-B86E-581A6F18387C}
	EndGlobalSection
EndGlobal
